
Microsoft Visual Studio Solution File, Format Version 12.00
# Visual Studio Version 16
VisualStudioVersion = 16.0.29503.13
MinimumVisualStudioVersion = 10.0.40219.1
Project("{FAE04EC0-301F-11D3-BF4B-00C04F79EFBC}") = "GermanD", "GermanD.csproj", "{F9443B2D-D212-4054-929E-E23ECC6C88AC}"
EndProject
Global
	GlobalSection(SolutionConfigurationPlatforms) = preSolution
		Debug|Any CPU = Debug|Any CPU
		Release|Any CPU = Release|Any CPU
	EndGlobalSection
	GlobalSection(ProjectConfigurationPlatforms) = postSolution
		{F9443B2D-D212-4054-929E-E23ECC6C88AC}.Debug|Any CPU.ActiveCfg = Debug|Any CPU
		{F9443B2D-D212-4054-929E-E23ECC6C88AC}.Debug|Any CPU.Build.0 = Debug|Any CPU
		{F9443B2D-D212-4054-929E-E23ECC6C88AC}.Release|Any CPU.ActiveCfg = Release|Any CPU
		{F9443B2D-D212-4054-929E-E23ECC6C88AC}.Release|Any CPU.Build.0 = Release|Any CPU
	EndGlobalSection
	GlobalSection(SolutionProperties) = preSolution
		HideSolutionNode = FALSE
	EndGlobalSection
	GlobalSection(ExtensibilityGlobals) = postSolution
		SolutionGuid = {7BBFB216-6EC8-4011-9E45-9E3FD4B03EDC}
	EndGlobalSection
EndGlobal
